// !$*UTF8*$!
{
	archiveVersion = 1;
	classes = {
	};
	objectVersion = 51;
	objects = {

/* Begin PBXBuildFile section */
		5F940BA3B9E12FB5BEACE0C7 /* Pods_Dictionary_Flash.framework in Frameworks */ = {isa = PBXBuildFile; fileRef = 54255FFC2A1F1F0874FC9A38 /* Pods_Dictionary_Flash.framework */; };
		DB59088320EAC16200431D04 /* SwipeTableViewController.swift in Sources */ = {isa = PBXBuildFile; fileRef = DB59088220EAC16200431D04 /* SwipeTableViewController.swift */; };
		DB59088520EC077700431D04 /* QuizViewController.swift in Sources */ = {isa = PBXBuildFile; fileRef = DB59088420EC077700431D04 /* QuizViewController.swift */; };
		DB5FC4F12089193B0008D2F1 /* Item.swift in Sources */ = {isa = PBXBuildFile; fileRef = DB5FC4F02089193B0008D2F1 /* Item.swift */; };
		DB5FC4F3208919420008D2F1 /* Category.swift in Sources */ = {isa = PBXBuildFile; fileRef = DB5FC4F2208919420008D2F1 /* Category.swift */; };
		DBABAE9520C88AB200D8CFD4 /* FlashCardViewController.swift in Sources */ = {isa = PBXBuildFile; fileRef = DBABAE9420C88AB200D8CFD4 /* FlashCardViewController.swift */; };
		DBBEF5CC20868BF5000F2546 /* CategoryViewController.swift in Sources */ = {isa = PBXBuildFile; fileRef = DBBEF5CB20868BF5000F2546 /* CategoryViewController.swift */; };
		DBC62179214211820084D5C5 /* ResultsViewController.swift in Sources */ = {isa = PBXBuildFile; fileRef = DBC62178214211820084D5C5 /* ResultsViewController.swift */; };
		DBE3CC1C207BCC6700E7409C /* AppDelegate.swift in Sources */ = {isa = PBXBuildFile; fileRef = DBE3CC1B207BCC6700E7409C /* AppDelegate.swift */; };
		DBE3CC1E207BCC6700E7409C /* ToDoListViewController.swift in Sources */ = {isa = PBXBuildFile; fileRef = DBE3CC1D207BCC6700E7409C /* ToDoListViewController.swift */; };
		DBE3CC21207BCC6700E7409C /* Main.storyboard in Resources */ = {isa = PBXBuildFile; fileRef = DBE3CC1F207BCC6700E7409C /* Main.storyboard */; };
		DBE3CC23207BCC6700E7409C /* Assets.xcassets in Resources */ = {isa = PBXBuildFile; fileRef = DBE3CC22207BCC6700E7409C /* Assets.xcassets */; };
		DBE3CC26207BCC6700E7409C /* LaunchScreen.storyboard in Resources */ = {isa = PBXBuildFile; fileRef = DBE3CC24207BCC6700E7409C /* LaunchScreen.storyboard */; };
		DBE3CC31207BCC6700E7409C /* TodoeyTests.swift in Sources */ = {isa = PBXBuildFile; fileRef = DBE3CC30207BCC6700E7409C /* TodoeyTests.swift */; };
		DBE3CC3C207BCC6700E7409C /* TodoeyUITests.swift in Sources */ = {isa = PBXBuildFile; fileRef = DBE3CC3B207BCC6700E7409C /* TodoeyUITests.swift */; };
		EFFD084C1C04D5A6553D05C4 /* Pods_Todoey.framework in Frameworks */ = {isa = PBXBuildFile; fileRef = 490099FB149965377592074F /* Pods_Todoey.framework */; };
/* End PBXBuildFile section */

/* Begin PBXContainerItemProxy section */
		DBE3CC2D207BCC6700E7409C /* PBXContainerItemProxy */ = {
			isa = PBXContainerItemProxy;
			containerPortal = DBE3CC10207BCC6700E7409C /* Project object */;
			proxyType = 1;
			remoteGlobalIDString = DBE3CC17207BCC6700E7409C;
			remoteInfo = Todoey;
		};
		DBE3CC38207BCC6700E7409C /* PBXContainerItemProxy */ = {
			isa = PBXContainerItemProxy;
			containerPortal = DBE3CC10207BCC6700E7409C /* Project object */;
			proxyType = 1;
			remoteGlobalIDString = DBE3CC17207BCC6700E7409C;
			remoteInfo = Todoey;
		};
/* End PBXContainerItemProxy section */

/* Begin PBXFileReference section */
		1760F199956B171E41F00E35 /* Pods-Todoey.debug.xcconfig */ = {isa = PBXFileReference; includeInIndex = 1; lastKnownFileType = text.xcconfig; name = "Pods-Todoey.debug.xcconfig"; path = "Pods/Target Support Files/Pods-Todoey/Pods-Todoey.debug.xcconfig"; sourceTree = "<group>"; };
		490099FB149965377592074F /* Pods_Todoey.framework */ = {isa = PBXFileReference; explicitFileType = wrapper.framework; includeInIndex = 0; path = Pods_Todoey.framework; sourceTree = BUILT_PRODUCTS_DIR; };
		54255FFC2A1F1F0874FC9A38 /* Pods_Dictionary_Flash.framework */ = {isa = PBXFileReference; explicitFileType = wrapper.framework; includeInIndex = 0; path = Pods_Dictionary_Flash.framework; sourceTree = BUILT_PRODUCTS_DIR; };
		76484E777C1270BF22CA18E5 /* Pods-Dictionary Flash.debug.xcconfig */ = {isa = PBXFileReference; includeInIndex = 1; lastKnownFileType = text.xcconfig; name = "Pods-Dictionary Flash.debug.xcconfig"; path = "Pods/Target Support Files/Pods-Dictionary Flash/Pods-Dictionary Flash.debug.xcconfig"; sourceTree = "<group>"; };
		783D213C665F06879198FC5A /* Pods-Dictionary Flash.release.xcconfig */ = {isa = PBXFileReference; includeInIndex = 1; lastKnownFileType = text.xcconfig; name = "Pods-Dictionary Flash.release.xcconfig"; path = "Pods/Target Support Files/Pods-Dictionary Flash/Pods-Dictionary Flash.release.xcconfig"; sourceTree = "<group>"; };
		AA5B803F9071FF569E4EE2A9 /* Pods-Todoey.release.xcconfig */ = {isa = PBXFileReference; includeInIndex = 1; lastKnownFileType = text.xcconfig; name = "Pods-Todoey.release.xcconfig"; path = "Pods/Target Support Files/Pods-Todoey/Pods-Todoey.release.xcconfig"; sourceTree = "<group>"; };
		DB59088220EAC16200431D04 /* SwipeTableViewController.swift */ = {isa = PBXFileReference; fileEncoding = 4; lastKnownFileType = sourcecode.swift; path = SwipeTableViewController.swift; sourceTree = "<group>"; };
		DB59088420EC077700431D04 /* QuizViewController.swift */ = {isa = PBXFileReference; lastKnownFileType = sourcecode.swift; path = QuizViewController.swift; sourceTree = "<group>"; };
		DB5FC4F02089193B0008D2F1 /* Item.swift */ = {isa = PBXFileReference; lastKnownFileType = sourcecode.swift; path = Item.swift; sourceTree = "<group>"; };
		DB5FC4F2208919420008D2F1 /* Category.swift */ = {isa = PBXFileReference; lastKnownFileType = sourcecode.swift; path = Category.swift; sourceTree = "<group>"; };
		DBABAE9420C88AB200D8CFD4 /* FlashCardViewController.swift */ = {isa = PBXFileReference; fileEncoding = 4; lastKnownFileType = sourcecode.swift; path = FlashCardViewController.swift; sourceTree = "<group>"; };
		DBBEF5CB20868BF5000F2546 /* CategoryViewController.swift */ = {isa = PBXFileReference; lastKnownFileType = sourcecode.swift; path = CategoryViewController.swift; sourceTree = "<group>"; };
		DBC62178214211820084D5C5 /* ResultsViewController.swift */ = {isa = PBXFileReference; lastKnownFileType = sourcecode.swift; path = ResultsViewController.swift; sourceTree = "<group>"; };
		DBE3CC18207BCC6700E7409C /* Dictionary Flash.app */ = {isa = PBXFileReference; explicitFileType = wrapper.application; includeInIndex = 0; path = "Dictionary Flash.app"; sourceTree = BUILT_PRODUCTS_DIR; };
		DBE3CC1B207BCC6700E7409C /* AppDelegate.swift */ = {isa = PBXFileReference; lastKnownFileType = sourcecode.swift; path = AppDelegate.swift; sourceTree = "<group>"; };
		DBE3CC1D207BCC6700E7409C /* ToDoListViewController.swift */ = {isa = PBXFileReference; lastKnownFileType = sourcecode.swift; path = ToDoListViewController.swift; sourceTree = "<group>"; };
		DBE3CC20207BCC6700E7409C /* Base */ = {isa = PBXFileReference; lastKnownFileType = file.storyboard; name = Base; path = Base.lproj/Main.storyboard; sourceTree = "<group>"; };
		DBE3CC22207BCC6700E7409C /* Assets.xcassets */ = {isa = PBXFileReference; lastKnownFileType = folder.assetcatalog; path = Assets.xcassets; sourceTree = "<group>"; };
		DBE3CC25207BCC6700E7409C /* Base */ = {isa = PBXFileReference; lastKnownFileType = file.storyboard; name = Base; path = Base.lproj/LaunchScreen.storyboard; sourceTree = "<group>"; };
		DBE3CC27207BCC6700E7409C /* Info.plist */ = {isa = PBXFileReference; lastKnownFileType = text.plist.xml; path = Info.plist; sourceTree = "<group>"; };
		DBE3CC2C207BCC6700E7409C /* Dictionary FlashTests.xctest */ = {isa = PBXFileReference; explicitFileType = wrapper.cfbundle; includeInIndex = 0; path = "Dictionary FlashTests.xctest"; sourceTree = BUILT_PRODUCTS_DIR; };
		DBE3CC30207BCC6700E7409C /* TodoeyTests.swift */ = {isa = PBXFileReference; lastKnownFileType = sourcecode.swift; path = TodoeyTests.swift; sourceTree = "<group>"; };
		DBE3CC32207BCC6700E7409C /* Info.plist */ = {isa = PBXFileReference; lastKnownFileType = text.plist.xml; path = Info.plist; sourceTree = "<group>"; };
		DBE3CC37207BCC6700E7409C /* Dictionary FlashUITests.xctest */ = {isa = PBXFileReference; explicitFileType = wrapper.cfbundle; includeInIndex = 0; path = "Dictionary FlashUITests.xctest"; sourceTree = BUILT_PRODUCTS_DIR; };
		DBE3CC3B207BCC6700E7409C /* TodoeyUITests.swift */ = {isa = PBXFileReference; lastKnownFileType = sourcecode.swift; path = TodoeyUITests.swift; sourceTree = "<group>"; };
		DBE3CC3D207BCC6700E7409C /* Info.plist */ = {isa = PBXFileReference; lastKnownFileType = text.plist.xml; path = Info.plist; sourceTree = "<group>"; };
/* End PBXFileReference section */

/* Begin PBXFrameworksBuildPhase section */
		DBE3CC15207BCC6700E7409C /* Frameworks */ = {
			isa = PBXFrameworksBuildPhase;
			buildActionMask = 2147483647;
			files = (
				EFFD084C1C04D5A6553D05C4 /* Pods_Todoey.framework in Frameworks */,
				5F940BA3B9E12FB5BEACE0C7 /* Pods_Dictionary_Flash.framework in Frameworks */,
			);
			runOnlyForDeploymentPostprocessing = 0;
		};
		DBE3CC29207BCC6700E7409C /* Frameworks */ = {
			isa = PBXFrameworksBuildPhase;
			buildActionMask = 2147483647;
			files = (
			);
			runOnlyForDeploymentPostprocessing = 0;
		};
		DBE3CC34207BCC6700E7409C /* Frameworks */ = {
			isa = PBXFrameworksBuildPhase;
			buildActionMask = 2147483647;
			files = (
			);
			runOnlyForDeploymentPostprocessing = 0;
		};
/* End PBXFrameworksBuildPhase section */

/* Begin PBXGroup section */
		87CF5F52BB368FD1B8550542 /* Frameworks */ = {
			isa = PBXGroup;
			children = (
				490099FB149965377592074F /* Pods_Todoey.framework */,
				54255FFC2A1F1F0874FC9A38 /* Pods_Dictionary_Flash.framework */,
			);
			name = Frameworks;
			sourceTree = "<group>";
		};
		A1461F72E43C9AFCB2C33E66 /* Pods */ = {
			isa = PBXGroup;
			children = (
				1760F199956B171E41F00E35 /* Pods-Todoey.debug.xcconfig */,
				AA5B803F9071FF569E4EE2A9 /* Pods-Todoey.release.xcconfig */,
				76484E777C1270BF22CA18E5 /* Pods-Dictionary Flash.debug.xcconfig */,
				783D213C665F06879198FC5A /* Pods-Dictionary Flash.release.xcconfig */,
			);
			name = Pods;
			sourceTree = "<group>";
		};
		DBBEF5CD20868C15000F2546 /* Controllers */ = {
			isa = PBXGroup;
			children = (
				DB59088220EAC16200431D04 /* SwipeTableViewController.swift */,
				DBBEF5CB20868BF5000F2546 /* CategoryViewController.swift */,
				DBE3CC1D207BCC6700E7409C /* ToDoListViewController.swift */,
				DBABAE9420C88AB200D8CFD4 /* FlashCardViewController.swift */,
				DB59088420EC077700431D04 /* QuizViewController.swift */,
				DBC62178214211820084D5C5 /* ResultsViewController.swift */,
			);
			path = Controllers;
			sourceTree = "<group>";
		};
		DBE3CC0F207BCC6700E7409C = {
			isa = PBXGroup;
			children = (
				DBE3CC1A207BCC6700E7409C /* Dictionary Flash */,
				DBE3CC2F207BCC6700E7409C /* TodoeyTests */,
				DBE3CC3A207BCC6700E7409C /* TodoeyUITests */,
				DBE3CC19207BCC6700E7409C /* Products */,
				A1461F72E43C9AFCB2C33E66 /* Pods */,
				87CF5F52BB368FD1B8550542 /* Frameworks */,
			);
			sourceTree = "<group>";
		};
		DBE3CC19207BCC6700E7409C /* Products */ = {
			isa = PBXGroup;
			children = (
				DBE3CC18207BCC6700E7409C /* Dictionary Flash.app */,
				DBE3CC2C207BCC6700E7409C /* Dictionary FlashTests.xctest */,
				DBE3CC37207BCC6700E7409C /* Dictionary FlashUITests.xctest */,
			);
			name = Products;
			sourceTree = "<group>";
		};
		DBE3CC1A207BCC6700E7409C /* Dictionary Flash */ = {
			isa = PBXGroup;
			children = (
				DBBEF5CD20868C15000F2546 /* Controllers */,
				DBE3CC1B207BCC6700E7409C /* AppDelegate.swift */,
				DBE3CC4C207C3A5C00E7409C /* Data Model */,
				DBE3CC4D207C3A8200E7409C /* View */,
				DBE3CC4E207C3A9800E7409C /* Supporting Files */,
				DBE3CC27207BCC6700E7409C /* Info.plist */,
			);
			name = "Dictionary Flash";
			path = Todoey;
			sourceTree = "<group>";
		};
		DBE3CC2F207BCC6700E7409C /* TodoeyTests */ = {
			isa = PBXGroup;
			children = (
				DBE3CC30207BCC6700E7409C /* TodoeyTests.swift */,
				DBE3CC32207BCC6700E7409C /* Info.plist */,
			);
			path = TodoeyTests;
			sourceTree = "<group>";
		};
		DBE3CC3A207BCC6700E7409C /* TodoeyUITests */ = {
			isa = PBXGroup;
			children = (
				DBE3CC3B207BCC6700E7409C /* TodoeyUITests.swift */,
				DBE3CC3D207BCC6700E7409C /* Info.plist */,
			);
			path = TodoeyUITests;
			sourceTree = "<group>";
		};
		DBE3CC4C207C3A5C00E7409C /* Data Model */ = {
			isa = PBXGroup;
			children = (
				DB5FC4F02089193B0008D2F1 /* Item.swift */,
				DB5FC4F2208919420008D2F1 /* Category.swift */,
			);
			path = "Data Model";
			sourceTree = "<group>";
		};
		DBE3CC4D207C3A8200E7409C /* View */ = {
			isa = PBXGroup;
			children = (
				DBE3CC1F207BCC6700E7409C /* Main.storyboard */,
			);
			path = View;
			sourceTree = "<group>";
		};
		DBE3CC4E207C3A9800E7409C /* Supporting Files */ = {
			isa = PBXGroup;
			children = (
				DBE3CC22207BCC6700E7409C /* Assets.xcassets */,
				DBE3CC24207BCC6700E7409C /* LaunchScreen.storyboard */,
			);
			path = "Supporting Files";
			sourceTree = "<group>";
		};
/* End PBXGroup section */

/* Begin PBXNativeTarget section */
		DBE3CC17207BCC6700E7409C /* Dictionary Flash */ = {
			isa = PBXNativeTarget;
			buildConfigurationList = DBE3CC40207BCC6700E7409C /* Build configuration list for PBXNativeTarget "Dictionary Flash" */;
			buildPhases = (
				B57664B32A754AD5DA1F7B27 /* [CP] Check Pods Manifest.lock */,
				DBE3CC14207BCC6700E7409C /* Sources */,
				DBE3CC15207BCC6700E7409C /* Frameworks */,
				DBE3CC16207BCC6700E7409C /* Resources */,
				05B4B19DC0E8688E7DBC4918 /* [CP] Embed Pods Frameworks */,
			);
			buildRules = (
			);
			dependencies = (
			);
			name = "Dictionary Flash";
			productName = Todoey;
			productReference = DBE3CC18207BCC6700E7409C /* Dictionary Flash.app */;
			productType = "com.apple.product-type.application";
		};
		DBE3CC2B207BCC6700E7409C /* Dictionary FlashTests */ = {
			isa = PBXNativeTarget;
			buildConfigurationList = DBE3CC43207BCC6700E7409C /* Build configuration list for PBXNativeTarget "Dictionary FlashTests" */;
			buildPhases = (
				DBE3CC28207BCC6700E7409C /* Sources */,
				DBE3CC29207BCC6700E7409C /* Frameworks */,
				DBE3CC2A207BCC6700E7409C /* Resources */,
			);
			buildRules = (
			);
			dependencies = (
				DBE3CC2E207BCC6700E7409C /* PBXTargetDependency */,
			);
			name = "Dictionary FlashTests";
			productName = TodoeyTests;
			productReference = DBE3CC2C207BCC6700E7409C /* Dictionary FlashTests.xctest */;
			productType = "com.apple.product-type.bundle.unit-test";
		};
		DBE3CC36207BCC6700E7409C /* Dictionary FlashUITests */ = {
			isa = PBXNativeTarget;
			buildConfigurationList = DBE3CC46207BCC6700E7409C /* Build configuration list for PBXNativeTarget "Dictionary FlashUITests" */;
			buildPhases = (
				DBE3CC33207BCC6700E7409C /* Sources */,
				DBE3CC34207BCC6700E7409C /* Frameworks */,
				DBE3CC35207BCC6700E7409C /* Resources */,
			);
			buildRules = (
			);
			dependencies = (
				DBE3CC39207BCC6700E7409C /* PBXTargetDependency */,
			);
			name = "Dictionary FlashUITests";
			productName = TodoeyUITests;
			productReference = DBE3CC37207BCC6700E7409C /* Dictionary FlashUITests.xctest */;
			productType = "com.apple.product-type.bundle.ui-testing";
		};
/* End PBXNativeTarget section */

/* Begin PBXProject section */
		DBE3CC10207BCC6700E7409C /* Project object */ = {
			isa = PBXProject;
			attributes = {
				LastSwiftUpdateCheck = 0910;
				LastUpgradeCheck = 0940;
				ORGANIZATIONNAME = "Levi Yoder";
				TargetAttributes = {
					DBE3CC17207BCC6700E7409C = {
						CreatedOnToolsVersion = 9.1;
						ProvisioningStyle = Automatic;
					};
					DBE3CC2B207BCC6700E7409C = {
						CreatedOnToolsVersion = 9.1;
						ProvisioningStyle = Automatic;
						TestTargetID = DBE3CC17207BCC6700E7409C;
					};
					DBE3CC36207BCC6700E7409C = {
						CreatedOnToolsVersion = 9.1;
						ProvisioningStyle = Automatic;
						TestTargetID = DBE3CC17207BCC6700E7409C;
					};
				};
			};
			buildConfigurationList = DBE3CC13207BCC6700E7409C /* Build configuration list for PBXProject "Dictionary Flash" */;
			compatibilityVersion = "Xcode 10.0";
			developmentRegion = en;
			hasScannedForEncodings = 0;
			knownRegions = (
				en,
				Base,
			);
			mainGroup = DBE3CC0F207BCC6700E7409C;
			productRefGroup = DBE3CC19207BCC6700E7409C /* Products */;
			projectDirPath = "";
			projectRoot = "";
			targets = (
				DBE3CC17207BCC6700E7409C /* Dictionary Flash */,
				DBE3CC2B207BCC6700E7409C /* Dictionary FlashTests */,
				DBE3CC36207BCC6700E7409C /* Dictionary FlashUITests */,
			);
		};
/* End PBXProject section */

/* Begin PBXResourcesBuildPhase section */
		DBE3CC16207BCC6700E7409C /* Resources */ = {
			isa = PBXResourcesBuildPhase;
			buildActionMask = 2147483647;
			files = (
				DBE3CC26207BCC6700E7409C /* LaunchScreen.storyboard in Resources */,
				DBE3CC23207BCC6700E7409C /* Assets.xcassets in Resources */,
				DBE3CC21207BCC6700E7409C /* Main.storyboard in Resources */,
			);
			runOnlyForDeploymentPostprocessing = 0;
		};
		DBE3CC2A207BCC6700E7409C /* Resources */ = {
			isa = PBXResourcesBuildPhase;
			buildActionMask = 2147483647;
			files = (
			);
			runOnlyForDeploymentPostprocessing = 0;
		};
		DBE3CC35207BCC6700E7409C /* Resources */ = {
			isa = PBXResourcesBuildPhase;
			buildActionMask = 2147483647;
			files = (
			);
			runOnlyForDeploymentPostprocessing = 0;
		};
/* End PBXResourcesBuildPhase section */

/* Begin PBXShellScriptBuildPhase section */
		05B4B19DC0E8688E7DBC4918 /* [CP] Embed Pods Frameworks */ = {
			isa = PBXShellScriptBuildPhase;
			buildActionMask = 2147483647;
			files = (
			);
			inputPaths = (
				"${SRCROOT}/Pods/Target Support Files/Pods-Dictionary Flash/Pods-Dictionary Flash-frameworks.sh",
				"${BUILT_PRODUCTS_DIR}/Realm/Realm.framework",
				"${BUILT_PRODUCTS_DIR}/RealmSwift/RealmSwift.framework",
				"${BUILT_PRODUCTS_DIR}/SwiftyJSON/SwiftyJSON.framework",
				"${BUILT_PRODUCTS_DIR}/SwipeCellKit/SwipeCellKit.framework",
			);
			name = "[CP] Embed Pods Frameworks";
			outputPaths = (
				"${TARGET_BUILD_DIR}/${FRAMEWORKS_FOLDER_PATH}/Realm.framework",
				"${TARGET_BUILD_DIR}/${FRAMEWORKS_FOLDER_PATH}/RealmSwift.framework",
				"${TARGET_BUILD_DIR}/${FRAMEWORKS_FOLDER_PATH}/SwiftyJSON.framework",
				"${TARGET_BUILD_DIR}/${FRAMEWORKS_FOLDER_PATH}/SwipeCellKit.framework",
			);
			runOnlyForDeploymentPostprocessing = 0;
			shellPath = /bin/sh;
			shellScript = "\"${SRCROOT}/Pods/Target Support Files/Pods-Dictionary Flash/Pods-Dictionary Flash-frameworks.sh\"\n";
			showEnvVarsInLog = 0;
		};
		B57664B32A754AD5DA1F7B27 /* [CP] Check Pods Manifest.lock */ = {
			isa = PBXShellScriptBuildPhase;
			buildActionMask = 2147483647;
			files = (
			);
			inputPaths = (
				"${PODS_PODFILE_DIR_PATH}/Podfile.lock",
				"${PODS_ROOT}/Manifest.lock",
			);
			name = "[CP] Check Pods Manifest.lock";
			outputPaths = (
				"$(DERIVED_FILE_DIR)/Pods-Dictionary Flash-checkManifestLockResult.txt",
			);
			runOnlyForDeploymentPostprocessing = 0;
			shellPath = /bin/sh;
			shellScript = "diff \"${PODS_PODFILE_DIR_PATH}/Podfile.lock\" \"${PODS_ROOT}/Manifest.lock\" > /dev/null\nif [ $? != 0 ] ; then\n    # print error to STDERR\n    echo \"error: The sandbox is not in sync with the Podfile.lock. Run 'pod install' or update your CocoaPods installation.\" >&2\n    exit 1\nfi\n# This output is used by Xcode 'outputs' to avoid re-running this script phase.\necho \"SUCCESS\" > \"${SCRIPT_OUTPUT_FILE_0}\"\n";
			showEnvVarsInLog = 0;
		};
/* End PBXShellScriptBuildPhase section */

/* Begin PBXSourcesBuildPhase section */
		DBE3CC14207BCC6700E7409C /* Sources */ = {
			isa = PBXSourcesBuildPhase;
			buildActionMask = 2147483647;
			files = (
				DB5FC4F12089193B0008D2F1 /* Item.swift in Sources */,
				DBBEF5CC20868BF5000F2546 /* CategoryViewController.swift in Sources */,
				DBE3CC1E207BCC6700E7409C /* ToDoListViewController.swift in Sources */,
				DB59088520EC077700431D04 /* QuizViewController.swift in Sources */,
				DB59088320EAC16200431D04 /* SwipeTableViewController.swift in Sources */,
				DBC62179214211820084D5C5 /* ResultsViewController.swift in Sources */,
				DBABAE9520C88AB200D8CFD4 /* FlashCardViewController.swift in Sources */,
				DBE3CC1C207BCC6700E7409C /* AppDelegate.swift in Sources */,
				DB5FC4F3208919420008D2F1 /* Category.swift in Sources */,
			);
			runOnlyForDeploymentPostprocessing = 0;
		};
		DBE3CC28207BCC6700E7409C /* Sources */ = {
			isa = PBXSourcesBuildPhase;
			buildActionMask = 2147483647;
			files = (
				DBE3CC31207BCC6700E7409C /* TodoeyTests.swift in Sources */,
			);
			runOnlyForDeploymentPostprocessing = 0;
		};
		DBE3CC33207BCC6700E7409C /* Sources */ = {
			isa = PBXSourcesBuildPhase;
			buildActionMask = 2147483647;
			files = (
				DBE3CC3C207BCC6700E7409C /* TodoeyUITests.swift in Sources */,
			);
			runOnlyForDeploymentPostprocessing = 0;
		};
/* End PBXSourcesBuildPhase section */

/* Begin PBXTargetDependency section */
		DBE3CC2E207BCC6700E7409C /* PBXTargetDependency */ = {
			isa = PBXTargetDependency;
			target = DBE3CC17207BCC6700E7409C /* Dictionary Flash */;
			targetProxy = DBE3CC2D207BCC6700E7409C /* PBXContainerItemProxy */;
		};
		DBE3CC39207BCC6700E7409C /* PBXTargetDependency */ = {
			isa = PBXTargetDependency;
			target = DBE3CC17207BCC6700E7409C /* Dictionary Flash */;
			targetProxy = DBE3CC38207BCC6700E7409C /* PBXContainerItemProxy */;
		};
/* End PBXTargetDependency section */

/* Begin PBXVariantGroup section */
		DBE3CC1F207BCC6700E7409C /* Main.storyboard */ = {
			isa = PBXVariantGroup;
			children = (
				DBE3CC20207BCC6700E7409C /* Base */,
			);
			name = Main.storyboard;
			sourceTree = "<group>";
		};
		DBE3CC24207BCC6700E7409C /* LaunchScreen.storyboard */ = {
			isa = PBXVariantGroup;
			children = (
				DBE3CC25207BCC6700E7409C /* Base */,
			);
			name = LaunchScreen.storyboard;
			sourceTree = "<group>";
		};
/* End PBXVariantGroup section */

/* Begin XCBuildConfiguration section */
		DBE3CC3E207BCC6700E7409C /* Debug */ = {
			isa = XCBuildConfiguration;
			buildSettings = {
				ALWAYS_SEARCH_USER_PATHS = NO;
				CLANG_ANALYZER_NONNULL = YES;
				CLANG_ANALYZER_NUMBER_OBJECT_CONVERSION = YES_AGGRESSIVE;
				CLANG_CXX_LANGUAGE_STANDARD = "gnu++14";
				CLANG_CXX_LIBRARY = "libc++";
				CLANG_ENABLE_MODULES = YES;
				CLANG_ENABLE_OBJC_ARC = YES;
				CLANG_WARN_BLOCK_CAPTURE_AUTORELEASING = YES;
				CLANG_WARN_BOOL_CONVERSION = YES;
				CLANG_WARN_COMMA = YES;
				CLANG_WARN_CONSTANT_CONVERSION = YES;
				CLANG_WARN_DEPRECATED_OBJC_IMPLEMENTATIONS = YES;
				CLANG_WARN_DIRECT_OBJC_ISA_USAGE = YES_ERROR;
				CLANG_WARN_DOCUMENTATION_COMMENTS = YES;
				CLANG_WARN_EMPTY_BODY = YES;
				CLANG_WARN_ENUM_CONVERSION = YES;
				CLANG_WARN_INFINITE_RECURSION = YES;
				CLANG_WARN_INT_CONVERSION = YES;
				CLANG_WARN_NON_LITERAL_NULL_CONVERSION = YES;
				CLANG_WARN_OBJC_IMPLICIT_RETAIN_SELF = YES;
				CLANG_WARN_OBJC_LITERAL_CONVERSION = YES;
				CLANG_WARN_OBJC_ROOT_CLASS = YES_ERROR;
				CLANG_WARN_RANGE_LOOP_ANALYSIS = YES;
				CLANG_WARN_STRICT_PROTOTYPES = YES;
				CLANG_WARN_SUSPICIOUS_MOVE = YES;
				CLANG_WARN_UNGUARDED_AVAILABILITY = YES_AGGRESSIVE;
				CLANG_WARN_UNREACHABLE_CODE = YES;
				CLANG_WARN__DUPLICATE_METHOD_MATCH = YES;
				CODE_SIGN_IDENTITY = "iPhone Developer";
				COPY_PHASE_STRIP = NO;
				DEBUG_INFORMATION_FORMAT = dwarf;
				ENABLE_STRICT_OBJC_MSGSEND = YES;
				ENABLE_TESTABILITY = YES;
				GCC_C_LANGUAGE_STANDARD = gnu11;
				GCC_DYNAMIC_NO_PIC = NO;
				GCC_NO_COMMON_BLOCKS = YES;
				GCC_OPTIMIZATION_LEVEL = 0;
				GCC_PREPROCESSOR_DEFINITIONS = (
					"DEBUG=1",
					"$(inherited)",
				);
				GCC_WARN_64_TO_32_BIT_CONVERSION = YES;
				GCC_WARN_ABOUT_RETURN_TYPE = YES_ERROR;
				GCC_WARN_UNDECLARED_SELECTOR = YES;
				GCC_WARN_UNINITIALIZED_AUTOS = YES_AGGRESSIVE;
				GCC_WARN_UNUSED_FUNCTION = YES;
				GCC_WARN_UNUSED_VARIABLE = YES;
				IPHONEOS_DEPLOYMENT_TARGET = 11.1;
				MTL_ENABLE_DEBUG_INFO = YES;
				ONLY_ACTIVE_ARCH = YES;
				SDKROOT = iphoneos;
				SWIFT_ACTIVE_COMPILATION_CONDITIONS = DEBUG;
				SWIFT_OPTIMIZATION_LEVEL = "-Onone";
			};
			name = Debug;
		};
		DBE3CC3F207BCC6700E7409C /* Release */ = {
			isa = XCBuildConfiguration;
			buildSettings = {
				ALWAYS_SEARCH_USER_PATHS = NO;
				CLANG_ANALYZER_NONNULL = YES;
				CLANG_ANALYZER_NUMBER_OBJECT_CONVERSION = YES_AGGRESSIVE;
				CLANG_CXX_LANGUAGE_STANDARD = "gnu++14";
				CLANG_CXX_LIBRARY = "libc++";
				CLANG_ENABLE_MODULES = YES;
				CLANG_ENABLE_OBJC_ARC = YES;
				CLANG_WARN_BLOCK_CAPTURE_AUTORELEASING = YES;
				CLANG_WARN_BOOL_CONVERSION = YES;
				CLANG_WARN_COMMA = YES;
				CLANG_WARN_CONSTANT_CONVERSION = YES;
				CLANG_WARN_DEPRECATED_OBJC_IMPLEMENTATIONS = YES;
				CLANG_WARN_DIRECT_OBJC_ISA_USAGE = YES_ERROR;
				CLANG_WARN_DOCUMENTATION_COMMENTS = YES;
				CLANG_WARN_EMPTY_BODY = YES;
				CLANG_WARN_ENUM_CONVERSION = YES;
				CLANG_WARN_INFINITE_RECURSION = YES;
				CLANG_WARN_INT_CONVERSION = YES;
				CLANG_WARN_NON_LITERAL_NULL_CONVERSION = YES;
				CLANG_WARN_OBJC_IMPLICIT_RETAIN_SELF = YES;
				CLANG_WARN_OBJC_LITERAL_CONVERSION = YES;
				CLANG_WARN_OBJC_ROOT_CLASS = YES_ERROR;
				CLANG_WARN_RANGE_LOOP_ANALYSIS = YES;
				CLANG_WARN_STRICT_PROTOTYPES = YES;
				CLANG_WARN_SUSPICIOUS_MOVE = YES;
				CLANG_WARN_UNGUARDED_AVAILABILITY = YES_AGGRESSIVE;
				CLANG_WARN_UNREACHABLE_CODE = YES;
				CLANG_WARN__DUPLICATE_METHOD_MATCH = YES;
				CODE_SIGN_IDENTITY = "iPhone Developer";
				COPY_PHASE_STRIP = NO;
				DEBUG_INFORMATION_FORMAT = "dwarf-with-dsym";
				ENABLE_NS_ASSERTIONS = NO;
				ENABLE_STRICT_OBJC_MSGSEND = YES;
				GCC_C_LANGUAGE_STANDARD = gnu11;
				GCC_NO_COMMON_BLOCKS = YES;
				GCC_WARN_64_TO_32_BIT_CONVERSION = YES;
				GCC_WARN_ABOUT_RETURN_TYPE = YES_ERROR;
				GCC_WARN_UNDECLARED_SELECTOR = YES;
				GCC_WARN_UNINITIALIZED_AUTOS = YES_AGGRESSIVE;
				GCC_WARN_UNUSED_FUNCTION = YES;
				GCC_WARN_UNUSED_VARIABLE = YES;
				IPHONEOS_DEPLOYMENT_TARGET = 11.1;
				MTL_ENABLE_DEBUG_INFO = NO;
				SDKROOT = iphoneos;
				SWIFT_COMPILATION_MODE = wholemodule;
				SWIFT_OPTIMIZATION_LEVEL = "-O";
				VALIDATE_PRODUCT = YES;
			};
			name = Release;
		};
		DBE3CC41207BCC6700E7409C /* Debug */ = {
			isa = XCBuildConfiguration;
			baseConfigurationReference = 76484E777C1270BF22CA18E5 /* Pods-Dictionary Flash.debug.xcconfig */;
			buildSettings = {
				ASSETCATALOG_COMPILER_APPICON_NAME = AppIcon;
				CODE_SIGN_STYLE = Automatic;
				DEVELOPMENT_TEAM = 48E6X89N3D;
				INFOPLIST_FILE = Todoey/Info.plist;
				LD_RUNPATH_SEARCH_PATHS = (
					"$(inherited)",
					"@executable_path/Frameworks",
				);
				PRODUCT_BUNDLE_IDENTIFIER = "com.LeviYoder.Dictionary-Flash";
				PRODUCT_NAME = "$(TARGET_NAME)";
				SWIFT_VERSION = 4.0;
				TARGETED_DEVICE_FAMILY = "1,2";
			};
			name = Debug;
		};
		DBE3CC42207BCC6700E7409C /* Release */ = {
			isa = XCBuildConfiguration;
			baseConfigurationReference = 783D213C665F06879198FC5A /* Pods-Dictionary Flash.release.xcconfig */;
			buildSettings = {
				ASSETCATALOG_COMPILER_APPICON_NAME = AppIcon;
				CODE_SIGN_STYLE = Automatic;
				DEVELOPMENT_TEAM = 48E6X89N3D;
				INFOPLIST_FILE = Todoey/Info.plist;
				LD_RUNPATH_SEARCH_PATHS = (
					"$(inherited)",
					"@executable_path/Frameworks",
				);
				PRODUCT_BUNDLE_IDENTIFIER = "com.LeviYoder.Dictionary-Flash";
				PRODUCT_NAME = "$(TARGET_NAME)";
				SWIFT_VERSION = 4.0;
				TARGETED_DEVICE_FAMILY = "1,2";
			};
			name = Release;
		};
		DBE3CC44207BCC6700E7409C /* Debug */ = {
			isa = XCBuildConfiguration;
			buildSettings = {
				ALWAYS_EMBED_SWIFT_STANDARD_LIBRARIES = YES;
				BUNDLE_LOADER = "$(TEST_HOST)";
				CODE_SIGN_STYLE = Automatic;
				INFOPLIST_FILE = TodoeyTests/Info.plist;
				LD_RUNPATH_SEARCH_PATHS = (
					"$(inherited)",
					"@executable_path/Frameworks",
					"@loader_path/Frameworks",
				);
				PRODUCT_BUNDLE_IDENTIFIER = LeviYoder.TodoeyTests;
				PRODUCT_NAME = "$(TARGET_NAME)";
				SWIFT_VERSION = 4.0;
				TARGETED_DEVICE_FAMILY = "1,2";
				TEST_HOST = "$(BUILT_PRODUCTS_DIR)/Dictionary Flash.app/Dictionary Flash";
			};
			name = Debug;
		};
		DBE3CC45207BCC6700E7409C /* Release */ = {
			isa = XCBuildConfiguration;
			buildSettings = {
				ALWAYS_EMBED_SWIFT_STANDARD_LIBRARIES = YES;
				BUNDLE_LOADER = "$(TEST_HOST)";
				CODE_SIGN_STYLE = Automatic;
				INFOPLIST_FILE = TodoeyTests/Info.plist;
				LD_RUNPATH_SEARCH_PATHS = (
					"$(inherited)",
					"@executable_path/Frameworks",
					"@loader_path/Frameworks",
				);
				PRODUCT_BUNDLE_IDENTIFIER = LeviYoder.TodoeyTests;
				PRODUCT_NAME = "$(TARGET_NAME)";
				SWIFT_VERSION = 4.0;
				TARGETED_DEVICE_FAMILY = "1,2";
				TEST_HOST = "$(BUILT_PRODUCTS_DIR)/Dictionary Flash.app/Dictionary Flash";
			};
			name = Release;
		};
		DBE3CC47207BCC6700E7409C /* Debug */ = {
			isa = XCBuildConfiguration;
			buildSettings = {
				ALWAYS_EMBED_SWIFT_STANDARD_LIBRARIES = YES;
				CODE_SIGN_STYLE = Automatic;
				INFOPLIST_FILE = TodoeyUITests/Info.plist;
				LD_RUNPATH_SEARCH_PATHS = (
					"$(inherited)",
					"@executable_path/Frameworks",
					"@loader_path/Frameworks",
				);
				PRODUCT_BUNDLE_IDENTIFIER = LeviYoder.TodoeyUITests;
				PRODUCT_NAME = "$(TARGET_NAME)";
				SWIFT_VERSION = 4.0;
				TARGETED_DEVICE_FAMILY = "1,2";
				TEST_TARGET_NAME = Todoey;
			};
			name = Debug;
		};
		DBE3CC48207BCC6700E7409C /* Release */ = {
			isa = XCBuildConfiguration;
			buildSettings = {
				ALWAYS_EMBED_SWIFT_STANDARD_LIBRARIES = YES;
				CODE_SIGN_STYLE = Automatic;
				INFOPLIST_FILE = TodoeyUITests/Info.plist;
				LD_RUNPATH_SEARCH_PATHS = (
					"$(inherited)",
					"@executable_path/Frameworks",
					"@loader_path/Frameworks",
				);
				PRODUCT_BUNDLE_IDENTIFIER = LeviYoder.TodoeyUITests;
				PRODUCT_NAME = "$(TARGET_NAME)";
				SWIFT_VERSION = 4.0;
				TARGETED_DEVICE_FAMILY = "1,2";
				TEST_TARGET_NAME = Todoey;
			};
			name = Release;
		};
/* End XCBuildConfiguration section */

/* Begin XCConfigurationList section */
		DBE3CC13207BCC6700E7409C /* Build configuration list for PBXProject "Dictionary Flash" */ = {
			isa = XCConfigurationList;
			buildConfigurations = (
				DBE3CC3E207BCC6700E7409C /* Debug */,
				DBE3CC3F207BCC6700E7409C /* Release */,
			);
			defaultConfigurationIsVisible = 0;
			defaultConfigurationName = Release;
		};
		DBE3CC40207BCC6700E7409C /* Build configuration list for PBXNativeTarget "Dictionary Flash" */ = {
			isa = XCConfigurationList;
			buildConfigurations = (
				DBE3CC41207BCC6700E7409C /* Debug */,
				DBE3CC42207BCC6700E7409C /* Release */,
			);
			defaultConfigurationIsVisible = 0;
			defaultConfigurationName = Release;
		};
		DBE3CC43207BCC6700E7409C /* Build configuration list for PBXNativeTarget "Dictionary FlashTests" */ = {
			isa = XCConfigurationList;
			buildConfigurations = (
				DBE3CC44207BCC6700E7409C /* Debug */,
				DBE3CC45207BCC6700E7409C /* Release */,
			);
			defaultConfigurationIsVisible = 0;
			defaultConfigurationName = Release;
		};
		DBE3CC46207BCC6700E7409C /* Build configuration list for PBXNativeTarget "Dictionary FlashUITests" */ = {
			isa = XCConfigurationList;
			buildConfigurations = (
				DBE3CC47207BCC6700E7409C /* Debug */,
				DBE3CC48207BCC6700E7409C /* Release */,
			);
			defaultConfigurationIsVisible = 0;
			defaultConfigurationName = Release;
		};
/* End XCConfigurationList section */
	};
	rootObject = DBE3CC10207BCC6700E7409C /* Project object */;
}
